
Microsoft Visual Studio Solution File, Format Version 12.00
# Visual Studio Version 17
VisualStudioVersion = 17.5.33530.505
MinimumVisualStudioVersion = 10.0.40219.1
Project("{FAE04EC0-301F-11D3-BF4B-00C04F79EFBC}") = "Calculadora WinApp v1.0", "Calculadora WinApp v1.0\Calculadora WinApp v1.0.csproj", "{4A88B7D6-A9FE-4CB6-93E1-A33B4F81B299}"
EndProject
Global
	GlobalSection(SolutionConfigurationPlatforms) = preSolution
		Debug|Any CPU = Debug|Any CPU
		Release|Any CPU = Release|Any CPU
	EndGlobalSection
	GlobalSection(ProjectConfigurationPlatforms) = postSolution
		{4A88B7D6-A9FE-4CB6-93E1-A33B4F81B299}.Debug|Any CPU.ActiveCfg = Debug|Any CPU
		{4A88B7D6-A9FE-4CB6-93E1-A33B4F81B299}.Debug|Any CPU.Build.0 = Debug|Any CPU
		{4A88B7D6-A9FE-4CB6-93E1-A33B4F81B299}.Release|Any CPU.ActiveCfg = Release|Any CPU
		{4A88B7D6-A9FE-4CB6-93E1-A33B4F81B299}.Release|Any CPU.Build.0 = Release|Any CPU
	EndGlobalSection
	GlobalSection(SolutionProperties) = preSolution
		HideSolutionNode = FALSE
	EndGlobalSection
	GlobalSection(ExtensibilityGlobals) = postSolution
		SolutionGuid = {2169963B-6BCE-43D1-B3F6-50A6B4B5BB47}
	EndGlobalSection
EndGlobal
